
Microsoft Visual Studio Solution File, Format Version 12.00
# Visual Studio Version 17
VisualStudioVersion = 17.14.36401.2 d17.14
MinimumVisualStudioVersion = 10.0.40219.1
Project("{FAE04EC0-301F-11D3-BF4B-00C04F79EFBC}") = "PragatiSetu.API", "PragatiSetu.API.csproj", "{AF102E72-A5EB-4D2C-8694-2DB774B22874}"
EndProject
Global
	GlobalSection(SolutionConfigurationPlatforms) = preSolution
		Debug|Any CPU = Debug|Any CPU
		Release|Any CPU = Release|Any CPU
	EndGlobalSection
	GlobalSection(ProjectConfigurationPlatforms) = postSolution
		{AF102E72-A5EB-4D2C-8694-2DB774B22874}.Debug|Any CPU.ActiveCfg = Debug|Any CPU
		{AF102E72-A5EB-4D2C-8694-2DB774B22874}.Debug|Any CPU.Build.0 = Debug|Any CPU
		{AF102E72-A5EB-4D2C-8694-2DB774B22874}.Release|Any CPU.ActiveCfg = Release|Any CPU
		{AF102E72-A5EB-4D2C-8694-2DB774B22874}.Release|Any CPU.Build.0 = Release|Any CPU
	EndGlobalSection
	GlobalSection(SolutionProperties) = preSolution
		HideSolutionNode = FALSE
	EndGlobalSection
	GlobalSection(ExtensibilityGlobals) = postSolution
		SolutionGuid = {29483BD8-7885-41B3-B847-03F376FDFF2E}
	EndGlobalSection
EndGlobal
